
Microsoft Visual Studio Solution File, Format Version 12.00
# Visual Studio Version 16
VisualStudioVersion = 16.0.29905.134
MinimumVisualStudioVersion = 10.0.40219.1
Project("{FAE04EC0-301F-11D3-BF4B-00C04F79EFBC}") = "variable operation", "variable operation\variable operation.csproj", "{47319CC3-C12F-43BE-BB71-E1BA95015881}"
EndProject
Global
	GlobalSection(SolutionConfigurationPlatforms) = preSolution
		Debug|Any CPU = Debug|Any CPU
		Release|Any CPU = Release|Any CPU
	EndGlobalSection
	GlobalSection(ProjectConfigurationPlatforms) = postSolution
		{47319CC3-C12F-43BE-BB71-E1BA95015881}.Debug|Any CPU.ActiveCfg = Debug|Any CPU
		{47319CC3-C12F-43BE-BB71-E1BA95015881}.Debug|Any CPU.Build.0 = Debug|Any CPU
		{47319CC3-C12F-43BE-BB71-E1BA95015881}.Release|Any CPU.ActiveCfg = Release|Any CPU
		{47319CC3-C12F-43BE-BB71-E1BA95015881}.Release|Any CPU.Build.0 = Release|Any CPU
	EndGlobalSection
	GlobalSection(SolutionProperties) = preSolution
		HideSolutionNode = FALSE
	EndGlobalSection
	GlobalSection(ExtensibilityGlobals) = postSolution
		SolutionGuid = {A0A5CC2D-B967-4251-96A6-2E9EA1DF9425}
	EndGlobalSection
EndGlobal
